
Microsoft Visual Studio Solution File, Format Version 12.00
# Visual Studio Version 17
VisualStudioVersion = 17.1.32210.238
MinimumVisualStudioVersion = 10.0.40219.1
Project("{FAE04EC0-301F-11D3-BF4B-00C04F79EFBC}") = "TemperatureConverter", "TemperatureConverter\TemperatureConverter.csproj", "{898ACB7F-2A44-4453-B3DC-52209ACA8BD4}"
EndProject
Project("{FAE04EC0-301F-11D3-BF4B-00C04F79EFBC}") = "TemperatureConverter.UnitTests", "TemperatureConverter.UnitTests\TemperatureConverter.UnitTests.csproj", "{1E18C9BE-777A-4524-AF89-61F63CF003E0}"
EndProject
Global
	GlobalSection(SolutionConfigurationPlatforms) = preSolution
		Debug|Any CPU = Debug|Any CPU
		Release|Any CPU = Release|Any CPU
	EndGlobalSection
	GlobalSection(ProjectConfigurationPlatforms) = postSolution
		{898ACB7F-2A44-4453-B3DC-52209ACA8BD4}.Debug|Any CPU.ActiveCfg = Debug|Any CPU
		{898ACB7F-2A44-4453-B3DC-52209ACA8BD4}.Debug|Any CPU.Build.0 = Debug|Any CPU
		{898ACB7F-2A44-4453-B3DC-52209ACA8BD4}.Release|Any CPU.ActiveCfg = Release|Any CPU
		{898ACB7F-2A44-4453-B3DC-52209ACA8BD4}.Release|Any CPU.Build.0 = Release|Any CPU
		{1E18C9BE-777A-4524-AF89-61F63CF003E0}.Debug|Any CPU.ActiveCfg = Debug|Any CPU
		{1E18C9BE-777A-4524-AF89-61F63CF003E0}.Debug|Any CPU.Build.0 = Debug|Any CPU
		{1E18C9BE-777A-4524-AF89-61F63CF003E0}.Release|Any CPU.ActiveCfg = Release|Any CPU
		{1E18C9BE-777A-4524-AF89-61F63CF003E0}.Release|Any CPU.Build.0 = Release|Any CPU
	EndGlobalSection
	GlobalSection(SolutionProperties) = preSolution
		HideSolutionNode = FALSE
	EndGlobalSection
	GlobalSection(ExtensibilityGlobals) = postSolution
		SolutionGuid = {2CE9BA97-6273-4475-83F4-45B7F137597F}
	EndGlobalSection
EndGlobal
